
Microsoft Visual Studio Solution File, Format Version 12.00
# Visual Studio Version 16
VisualStudioVersion = 25.0.1700.7
MinimumVisualStudioVersion = 10.0.40219.1
Project("{FAE04EC0-301F-11D3-BF4B-00C04F79EFBC}") = "ElevenNote_WebApp.Server", "ElevenNote_WebApp\Server\ElevenNote_WebApp.Server.csproj", "{91386948-C5BF-4FEF-8521-E860677DCC80}"
EndProject
Project("{FAE04EC0-301F-11D3-BF4B-00C04F79EFBC}") = "ElevenNote_WebApp.Client", "ElevenNote_WebApp\Client\ElevenNote_WebApp.Client.csproj", "{50A840F1-262E-44A8-825E-00173C1FD41A}"
EndProject
Project("{FAE04EC0-301F-11D3-BF4B-00C04F79EFBC}") = "ElevenNote_WebApp.Shared", "ElevenNote_WebApp\Shared\ElevenNote_WebApp.Shared.csproj", "{38600550-3F78-408B-86FE-FE286991072C}"
EndProject
Global
	GlobalSection(SolutionConfigurationPlatforms) = preSolution
		Debug|Any CPU = Debug|Any CPU
		Release|Any CPU = Release|Any CPU
	EndGlobalSection
	GlobalSection(ProjectConfigurationPlatforms) = postSolution
		{91386948-C5BF-4FEF-8521-E860677DCC80}.Debug|Any CPU.ActiveCfg = Debug|Any CPU
		{91386948-C5BF-4FEF-8521-E860677DCC80}.Debug|Any CPU.Build.0 = Debug|Any CPU
		{91386948-C5BF-4FEF-8521-E860677DCC80}.Release|Any CPU.ActiveCfg = Release|Any CPU
		{91386948-C5BF-4FEF-8521-E860677DCC80}.Release|Any CPU.Build.0 = Release|Any CPU
		{50A840F1-262E-44A8-825E-00173C1FD41A}.Debug|Any CPU.ActiveCfg = Debug|Any CPU
		{50A840F1-262E-44A8-825E-00173C1FD41A}.Debug|Any CPU.Build.0 = Debug|Any CPU
		{50A840F1-262E-44A8-825E-00173C1FD41A}.Release|Any CPU.ActiveCfg = Release|Any CPU
		{50A840F1-262E-44A8-825E-00173C1FD41A}.Release|Any CPU.Build.0 = Release|Any CPU
		{38600550-3F78-408B-86FE-FE286991072C}.Debug|Any CPU.ActiveCfg = Debug|Any CPU
		{38600550-3F78-408B-86FE-FE286991072C}.Debug|Any CPU.Build.0 = Debug|Any CPU
		{38600550-3F78-408B-86FE-FE286991072C}.Release|Any CPU.ActiveCfg = Release|Any CPU
		{38600550-3F78-408B-86FE-FE286991072C}.Release|Any CPU.Build.0 = Release|Any CPU
	EndGlobalSection
	GlobalSection(SolutionProperties) = preSolution
		HideSolutionNode = FALSE
	EndGlobalSection
	GlobalSection(ExtensibilityGlobals) = postSolution
		SolutionGuid = {D83312E2-EFD6-4E35-99A9-E8B4AA1BC04A}
	EndGlobalSection
EndGlobal
